// !$*UTF8*$!
{
	archiveVersion = 1;
	classes = {
	};
	objectVersion = 77;
	objects = {

/* Begin PBXContainerItemProxy section */
		BE2D195B2E8D3F2400E741F8 /* PBXContainerItemProxy */ = {
			isa = PBXContainerItemProxy;
			containerPortal = BE2D19452E8D3F2300E741F8 /* Project object */;
			proxyType = 1;
			remoteGlobalIDString = BE2D194C2E8D3F2300E741F8;
			remoteInfo = MuscleBuildingRecorder;
		};
		BE2D19652E8D3F2400E741F8 /* PBXContainerItemProxy */ = {
			isa = PBXContainerItemProxy;
			containerPortal = BE2D19452E8D3F2300E741F8 /* Project object */;
			proxyType = 1;
			remoteGlobalIDString = BE2D194C2E8D3F2300E741F8;
			remoteInfo = MuscleBuildingRecorder;
		};
/* End PBXContainerItemProxy section */

/* Begin PBXFileReference section */
		BE2D194D2E8D3F2300E741F8 /* MuscleBuildingRecorder.app */ = {isa = PBXFileReference; explicitFileType = wrapper.application; includeInIndex = 0; path = MuscleBuildingRecorder.app; sourceTree = BUILT_PRODUCTS_DIR; };
		BE2D195A2E8D3F2400E741F8 /* MuscleBuildingRecorderTests.xctest */ = {isa = PBXFileReference; explicitFileType = wrapper.cfbundle; includeInIndex = 0; path = MuscleBuildingRecorderTests.xctest; sourceTree = BUILT_PRODUCTS_DIR; };
		BE2D19642E8D3F2400E741F8 /* MuscleBuildingRecorderUITests.xctest */ = {isa = PBXFileReference; explicitFileType = wrapper.cfbundle; includeInIndex = 0; path = MuscleBuildingRecorderUITests.xctest; sourceTree = BUILT_PRODUCTS_DIR; };
/* End PBXFileReference section */

/* Begin PBXFileSystemSynchronizedRootGroup section */
		BE2D194F2E8D3F2300E741F8 /* MuscleBuildingRecorder */ = {
			isa = PBXFileSystemSynchronizedRootGroup;
			path = MuscleBuildingRecorder;
			sourceTree = "<group>";
		};
		BE2D195D2E8D3F2400E741F8 /* MuscleBuildingRecorderTests */ = {
			isa = PBXFileSystemSynchronizedRootGroup;
			path = MuscleBuildingRecorderTests;
			sourceTree = "<group>";
		};
		BE2D19672E8D3F2400E741F8 /* MuscleBuildingRecorderUITests */ = {
			isa = PBXFileSystemSynchronizedRootGroup;
			path = MuscleBuildingRecorderUITests;
			sourceTree = "<group>";
		};
/* End PBXFileSystemSynchronizedRootGroup section */

/* Begin PBXFrameworksBuildPhase section */
		BE2D194A2E8D3F2300E741F8 /* Frameworks */ = {
			isa = PBXFrameworksBuildPhase;
			buildActionMask = 2147483647;
			files = (
			);
			runOnlyForDeploymentPostprocessing = 0;
		};
		BE2D19572E8D3F2400E741F8 /* Frameworks */ = {
			isa = PBXFrameworksBuildPhase;
			buildActionMask = 2147483647;
			files = (
			);
			runOnlyForDeploymentPostprocessing = 0;
		};
		BE2D19612E8D3F2400E741F8 /* Frameworks */ = {
			isa = PBXFrameworksBuildPhase;
			buildActionMask = 2147483647;
			files = (
			);
			runOnlyForDeploymentPostprocessing = 0;
		};
/* End PBXFrameworksBuildPhase section */

/* Begin PBXGroup section */
		BE2D19442E8D3F2300E741F8 = {
			isa = PBXGroup;
			children = (
				BE2D194F2E8D3F2300E741F8 /* MuscleBuildingRecorder */,
				BE2D195D2E8D3F2400E741F8 /* MuscleBuildingRecorderTests */,
				BE2D19672E8D3F2400E741F8 /* MuscleBuildingRecorderUITests */,
				BE2D194E2E8D3F2300E741F8 /* Products */,
			);
			sourceTree = "<group>";
		};
		BE2D194E2E8D3F2300E741F8 /* Products */ = {
			isa = PBXGroup;
			children = (
				BE2D194D2E8D3F2300E741F8 /* MuscleBuildingRecorder.app */,
				BE2D195A2E8D3F2400E741F8 /* MuscleBuildingRecorderTests.xctest */,
				BE2D19642E8D3F2400E741F8 /* MuscleBuildingRecorderUITests.xctest */,
			);
			name = Products;
			sourceTree = "<group>";
		};
/* End PBXGroup section */

/* Begin PBXNativeTarget section */
		BE2D194C2E8D3F2300E741F8 /* MuscleBuildingRecorder */ = {
			isa = PBXNativeTarget;
			buildConfigurationList = BE2D196E2E8D3F2400E741F8 /* Build configuration list for PBXNativeTarget "MuscleBuildingRecorder" */;
			buildPhases = (
				BE2D19492E8D3F2300E741F8 /* Sources */,
				BE2D194A2E8D3F2300E741F8 /* Frameworks */,
				BE2D194B2E8D3F2300E741F8 /* Resources */,
			);
			buildRules = (
			);
			dependencies = (
			);
			fileSystemSynchronizedGroups = (
				BE2D194F2E8D3F2300E741F8 /* MuscleBuildingRecorder */,
			);
			name = MuscleBuildingRecorder;
			packageProductDependencies = (
			);
			productName = MuscleBuildingRecorder;
			productReference = BE2D194D2E8D3F2300E741F8 /* MuscleBuildingRecorder.app */;
			productType = "com.apple.product-type.application";
		};
		BE2D19592E8D3F2400E741F8 /* MuscleBuildingRecorderTests */ = {
			isa = PBXNativeTarget;
			buildConfigurationList = BE2D19712E8D3F2400E741F8 /* Build configuration list for PBXNativeTarget "MuscleBuildingRecorderTests" */;
			buildPhases = (
				BE2D19562E8D3F2400E741F8 /* Sources */,
				BE2D19572E8D3F2400E741F8 /* Frameworks */,
				BE2D19582E8D3F2400E741F8 /* Resources */,
			);
			buildRules = (
			);
			dependencies = (
				BE2D195C2E8D3F2400E741F8 /* PBXTargetDependency */,
			);
			fileSystemSynchronizedGroups = (
				BE2D195D2E8D3F2400E741F8 /* MuscleBuildingRecorderTests */,
			);
			name = MuscleBuildingRecorderTests;
			packageProductDependencies = (
			);
			productName = MuscleBuildingRecorderTests;
			productReference = BE2D195A2E8D3F2400E741F8 /* MuscleBuildingRecorderTests.xctest */;
			productType = "com.apple.product-type.bundle.unit-test";
		};
		BE2D19632E8D3F2400E741F8 /* MuscleBuildingRecorderUITests */ = {
			isa = PBXNativeTarget;
			buildConfigurationList = BE2D19742E8D3F2400E741F8 /* Build configuration list for PBXNativeTarget "MuscleBuildingRecorderUITests" */;
			buildPhases = (
				BE2D19602E8D3F2400E741F8 /* Sources */,
				BE2D19612E8D3F2400E741F8 /* Frameworks */,
				BE2D19622E8D3F2400E741F8 /* Resources */,
			);
			buildRules = (
			);
			dependencies = (
				BE2D19662E8D3F2400E741F8 /* PBXTargetDependency */,
			);
			fileSystemSynchronizedGroups = (
				BE2D19672E8D3F2400E741F8 /* MuscleBuildingRecorderUITests */,
			);
			name = MuscleBuildingRecorderUITests;
			packageProductDependencies = (
			);
			productName = MuscleBuildingRecorderUITests;
			productReference = BE2D19642E8D3F2400E741F8 /* MuscleBuildingRecorderUITests.xctest */;
			productType = "com.apple.product-type.bundle.ui-testing";
		};
/* End PBXNativeTarget section */

/* Begin PBXProject section */
		BE2D19452E8D3F2300E741F8 /* Project object */ = {
			isa = PBXProject;
			attributes = {
				BuildIndependentTargetsInParallel = 1;
				LastSwiftUpdateCheck = 2600;
				LastUpgradeCheck = 2600;
				TargetAttributes = {
					BE2D194C2E8D3F2300E741F8 = {
						CreatedOnToolsVersion = 26.0.1;
					};
					BE2D19592E8D3F2400E741F8 = {
						CreatedOnToolsVersion = 26.0.1;
						TestTargetID = BE2D194C2E8D3F2300E741F8;
					};
					BE2D19632E8D3F2400E741F8 = {
						CreatedOnToolsVersion = 26.0.1;
						TestTargetID = BE2D194C2E8D3F2300E741F8;
					};
				};
			};
			buildConfigurationList = BE2D19482E8D3F2300E741F8 /* Build configuration list for PBXProject "MuscleBuildingRecorder" */;
			developmentRegion = en;
			hasScannedForEncodings = 0;
			knownRegions = (
				en,
				Base,
			);
			mainGroup = BE2D19442E8D3F2300E741F8;
			minimizedProjectReferenceProxies = 1;
			preferredProjectObjectVersion = 77;
			productRefGroup = BE2D194E2E8D3F2300E741F8 /* Products */;
			projectDirPath = "";
			projectRoot = "";
			targets = (
				BE2D194C2E8D3F2300E741F8 /* MuscleBuildingRecorder */,
				BE2D19592E8D3F2400E741F8 /* MuscleBuildingRecorderTests */,
				BE2D19632E8D3F2400E741F8 /* MuscleBuildingRecorderUITests */,
			);
		};
/* End PBXProject section */

/* Begin PBXResourcesBuildPhase section */
		BE2D194B2E8D3F2300E741F8 /* Resources */ = {
			isa = PBXResourcesBuildPhase;
			buildActionMask = 2147483647;
			files = (
			);
			runOnlyForDeploymentPostprocessing = 0;
		};
		BE2D19582E8D3F2400E741F8 /* Resources */ = {
			isa = PBXResourcesBuildPhase;
			buildActionMask = 2147483647;
			files = (
			);
			runOnlyForDeploymentPostprocessing = 0;
		};
		BE2D19622E8D3F2400E741F8 /* Resources */ = {
			isa = PBXResourcesBuildPhase;
			buildActionMask = 2147483647;
			files = (
			);
			runOnlyForDeploymentPostprocessing = 0;
		};
/* End PBXResourcesBuildPhase section */

/* Begin PBXSourcesBuildPhase section */
		BE2D19492E8D3F2300E741F8 /* Sources */ = {
			isa = PBXSourcesBuildPhase;
			buildActionMask = 2147483647;
			files = (
			);
			runOnlyForDeploymentPostprocessing = 0;
		};
		BE2D19562E8D3F2400E741F8 /* Sources */ = {
			isa = PBXSourcesBuildPhase;
			buildActionMask = 2147483647;
			files = (
			);
			runOnlyForDeploymentPostprocessing = 0;
		};
		BE2D19602E8D3F2400E741F8 /* Sources */ = {
			isa = PBXSourcesBuildPhase;
			buildActionMask = 2147483647;
			files = (
			);
			runOnlyForDeploymentPostprocessing = 0;
		};
/* End PBXSourcesBuildPhase section */

/* Begin PBXTargetDependency section */
		BE2D195C2E8D3F2400E741F8 /* PBXTargetDependency */ = {
			isa = PBXTargetDependency;
			target = BE2D194C2E8D3F2300E741F8 /* MuscleBuildingRecorder */;
			targetProxy = BE2D195B2E8D3F2400E741F8 /* PBXContainerItemProxy */;
		};
		BE2D19662E8D3F2400E741F8 /* PBXTargetDependency */ = {
			isa = PBXTargetDependency;
			target = BE2D194C2E8D3F2300E741F8 /* MuscleBuildingRecorder */;
			targetProxy = BE2D19652E8D3F2400E741F8 /* PBXContainerItemProxy */;
		};
/* End PBXTargetDependency section */

/* Begin XCBuildConfiguration section */
		BE2D196C2E8D3F2400E741F8 /* Debug */ = {
			isa = XCBuildConfiguration;
			buildSettings = {
				ALWAYS_SEARCH_USER_PATHS = NO;
				ASSETCATALOG_COMPILER_GENERATE_SWIFT_ASSET_SYMBOL_EXTENSIONS = YES;
				CLANG_ANALYZER_NONNULL = YES;
				CLANG_ANALYZER_NUMBER_OBJECT_CONVERSION = YES_AGGRESSIVE;
				CLANG_CXX_LANGUAGE_STANDARD = "gnu++20";
				CLANG_ENABLE_MODULES = YES;
				CLANG_ENABLE_OBJC_ARC = YES;
				CLANG_ENABLE_OBJC_WEAK = YES;
				CLANG_WARN_BLOCK_CAPTURE_AUTORELEASING = YES;
				CLANG_WARN_BOOL_CONVERSION = YES;
				CLANG_WARN_COMMA = YES;
				CLANG_WARN_CONSTANT_CONVERSION = YES;
				CLANG_WARN_DEPRECATED_OBJC_IMPLEMENTATIONS = YES;
				CLANG_WARN_DIRECT_OBJC_ISA_USAGE = YES_ERROR;
				CLANG_WARN_DOCUMENTATION_COMMENTS = YES;
				CLANG_WARN_EMPTY_BODY = YES;
				CLANG_WARN_ENUM_CONVERSION = YES;
				CLANG_WARN_INFINITE_RECURSION = YES;
				CLANG_WARN_INT_CONVERSION = YES;
				CLANG_WARN_NON_LITERAL_NULL_CONVERSION = YES;
				CLANG_WARN_OBJC_IMPLICIT_RETAIN_SELF = YES;
				CLANG_WARN_OBJC_LITERAL_CONVERSION = YES;
				CLANG_WARN_OBJC_ROOT_CLASS = YES_ERROR;
				CLANG_WARN_QUOTED_INCLUDE_IN_FRAMEWORK_HEADER = YES;
				CLANG_WARN_RANGE_LOOP_ANALYSIS = YES;
				CLANG_WARN_STRICT_PROTOTYPES = YES;
				CLANG_WARN_SUSPICIOUS_MOVE = YES;
				CLANG_WARN_UNGUARDED_AVAILABILITY = YES_AGGRESSIVE;
				CLANG_WARN_UNREACHABLE_CODE = YES;
				CLANG_WARN__DUPLICATE_METHOD_MATCH = YES;
				COPY_PHASE_STRIP = NO;
				DEBUG_INFORMATION_FORMAT = dwarf;
				DEVELOPMENT_TEAM = MFQB3583D6;
				ENABLE_STRICT_OBJC_MSGSEND = YES;
				ENABLE_TESTABILITY = YES;
				ENABLE_USER_SCRIPT_SANDBOXING = YES;
				GCC_C_LANGUAGE_STANDARD = gnu17;
				GCC_DYNAMIC_NO_PIC = NO;
				GCC_NO_COMMON_BLOCKS = YES;
				GCC_OPTIMIZATION_LEVEL = 0;
				GCC_PREPROCESSOR_DEFINITIONS = (
					"DEBUG=1",
					"$(inherited)",
				);
				GCC_WARN_64_TO_32_BIT_CONVERSION = YES;
				GCC_WARN_ABOUT_RETURN_TYPE = YES_ERROR;
				GCC_WARN_UNDECLARED_SELECTOR = YES;
				GCC_WARN_UNINITIALIZED_AUTOS = YES_AGGRESSIVE;
				GCC_WARN_UNUSED_FUNCTION = YES;
				GCC_WARN_UNUSED_VARIABLE = YES;
				IPHONEOS_DEPLOYMENT_TARGET = 26.0;
				LOCALIZATION_PREFERS_STRING_CATALOGS = YES;
				MTL_ENABLE_DEBUG_INFO = INCLUDE_SOURCE;
				MTL_FAST_MATH = YES;
				ONLY_ACTIVE_ARCH = YES;
				SDKROOT = iphoneos;
				SWIFT_ACTIVE_COMPILATION_CONDITIONS = "DEBUG $(inherited)";
				SWIFT_OPTIMIZATION_LEVEL = "-Onone";
			};
			name = Debug;
		};
		BE2D196D2E8D3F2400E741F8 /* Release */ = {
			isa = XCBuildConfiguration;
			buildSettings = {
				ALWAYS_SEARCH_USER_PATHS = NO;
				ASSETCATALOG_COMPILER_GENERATE_SWIFT_ASSET_SYMBOL_EXTENSIONS = YES;
				CLANG_ANALYZER_NONNULL = YES;
				CLANG_ANALYZER_NUMBER_OBJECT_CONVERSION = YES_AGGRESSIVE;
				CLANG_CXX_LANGUAGE_STANDARD = "gnu++20";
				CLANG_ENABLE_MODULES = YES;
				CLANG_ENABLE_OBJC_ARC = YES;
				CLANG_ENABLE_OBJC_WEAK = YES;
				CLANG_WARN_BLOCK_CAPTURE_AUTORELEASING = YES;
				CLANG_WARN_BOOL_CONVERSION = YES;
				CLANG_WARN_COMMA = YES;
				CLANG_WARN_CONSTANT_CONVERSION = YES;
				CLANG_WARN_DEPRECATED_OBJC_IMPLEMENTATIONS = YES;
				CLANG_WARN_DIRECT_OBJC_ISA_USAGE = YES_ERROR;
				CLANG_WARN_DOCUMENTATION_COMMENTS = YES;
				CLANG_WARN_EMPTY_BODY = YES;
				CLANG_WARN_ENUM_CONVERSION = YES;
				CLANG_WARN_INFINITE_RECURSION = YES;
				CLANG_WARN_INT_CONVERSION = YES;
				CLANG_WARN_NON_LITERAL_NULL_CONVERSION = YES;
				CLANG_WARN_OBJC_IMPLICIT_RETAIN_SELF = YES;
				CLANG_WARN_OBJC_LITERAL_CONVERSION = YES;
				CLANG_WARN_OBJC_ROOT_CLASS = YES_ERROR;
				CLANG_WARN_QUOTED_INCLUDE_IN_FRAMEWORK_HEADER = YES;
				CLANG_WARN_RANGE_LOOP_ANALYSIS = YES;
				CLANG_WARN_STRICT_PROTOTYPES = YES;
				CLANG_WARN_SUSPICIOUS_MOVE = YES;
				CLANG_WARN_UNGUARDED_AVAILABILITY = YES_AGGRESSIVE;
				CLANG_WARN_UNREACHABLE_CODE = YES;
				CLANG_WARN__DUPLICATE_METHOD_MATCH = YES;
				COPY_PHASE_STRIP = NO;
				DEBUG_INFORMATION_FORMAT = "dwarf-with-dsym";
				DEVELOPMENT_TEAM = MFQB3583D6;
				ENABLE_NS_ASSERTIONS = NO;
				ENABLE_STRICT_OBJC_MSGSEND = YES;
				ENABLE_USER_SCRIPT_SANDBOXING = YES;
				GCC_C_LANGUAGE_STANDARD = gnu17;
				GCC_NO_COMMON_BLOCKS = YES;
				GCC_WARN_64_TO_32_BIT_CONVERSION = YES;
				GCC_WARN_ABOUT_RETURN_TYPE = YES_ERROR;
				GCC_WARN_UNDECLARED_SELECTOR = YES;
				GCC_WARN_UNINITIALIZED_AUTOS = YES_AGGRESSIVE;
				GCC_WARN_UNUSED_FUNCTION = YES;
				GCC_WARN_UNUSED_VARIABLE = YES;
				IPHONEOS_DEPLOYMENT_TARGET = 26.0;
				LOCALIZATION_PREFERS_STRING_CATALOGS = YES;
				MTL_ENABLE_DEBUG_INFO = NO;
				MTL_FAST_MATH = YES;
				SDKROOT = iphoneos;
				SWIFT_COMPILATION_MODE = wholemodule;
				VALIDATE_PRODUCT = YES;
			};
			name = Release;
		};
		BE2D196F2E8D3F2400E741F8 /* Debug */ = {
			isa = XCBuildConfiguration;
			buildSettings = {
				ASSETCATALOG_COMPILER_APPICON_NAME = AppIcon;
				ASSETCATALOG_COMPILER_GLOBAL_ACCENT_COLOR_NAME = AccentColor;
				CODE_SIGN_STYLE = Automatic;
				CURRENT_PROJECT_VERSION = 1;
				DEVELOPMENT_TEAM = MFQB3583D6;
				ENABLE_PREVIEWS = YES;
				GENERATE_INFOPLIST_FILE = YES;
				INFOPLIST_KEY_UIApplicationSceneManifest_Generation = YES;
				INFOPLIST_KEY_UIApplicationSupportsIndirectInputEvents = YES;
				INFOPLIST_KEY_UILaunchScreen_Generation = YES;
				INFOPLIST_KEY_UISupportedInterfaceOrientations_iPad = "UIInterfaceOrientationPortrait UIInterfaceOrientationPortraitUpsideDown UIInterfaceOrientationLandscapeLeft UIInterfaceOrientationLandscapeRight";
				INFOPLIST_KEY_UISupportedInterfaceOrientations_iPhone = "UIInterfaceOrientationPortrait UIInterfaceOrientationLandscapeLeft UIInterfaceOrientationLandscapeRight";
				LD_RUNPATH_SEARCH_PATHS = (
					"$(inherited)",
					"@executable_path/Frameworks",
				);
				MARKETING_VERSION = 1.0;
				PRODUCT_BUNDLE_IDENTIFIER = yokAppDev.MuscleBuildingRecorder;
				PRODUCT_NAME = "$(TARGET_NAME)";
				STRING_CATALOG_GENERATE_SYMBOLS = YES;
				SWIFT_APPROACHABLE_CONCURRENCY = YES;
				SWIFT_DEFAULT_ACTOR_ISOLATION = MainActor;
				SWIFT_EMIT_LOC_STRINGS = YES;
				SWIFT_UPCOMING_FEATURE_MEMBER_IMPORT_VISIBILITY = YES;
				SWIFT_VERSION = 5.0;
				TARGETED_DEVICE_FAMILY = "1,2";
			};
			name = Debug;
		};
		BE2D19702E8D3F2400E741F8 /* Release */ = {
			isa = XCBuildConfiguration;
			buildSettings = {
				ASSETCATALOG_COMPILER_APPICON_NAME = AppIcon;
				ASSETCATALOG_COMPILER_GLOBAL_ACCENT_COLOR_NAME = AccentColor;
				CODE_SIGN_STYLE = Automatic;
				CURRENT_PROJECT_VERSION = 1;
				DEVELOPMENT_TEAM = MFQB3583D6;
				ENABLE_PREVIEWS = YES;
				GENERATE_INFOPLIST_FILE = YES;
				INFOPLIST_KEY_UIApplicationSceneManifest_Generation = YES;
				INFOPLIST_KEY_UIApplicationSupportsIndirectInputEvents = YES;
				INFOPLIST_KEY_UILaunchScreen_Generation = YES;
				INFOPLIST_KEY_UISupportedInterfaceOrientations_iPad = "UIInterfaceOrientationPortrait UIInterfaceOrientationPortraitUpsideDown UIInterfaceOrientationLandscapeLeft UIInterfaceOrientationLandscapeRight";
				INFOPLIST_KEY_UISupportedInterfaceOrientations_iPhone = "UIInterfaceOrientationPortrait UIInterfaceOrientationLandscapeLeft UIInterfaceOrientationLandscapeRight";
				LD_RUNPATH_SEARCH_PATHS = (
					"$(inherited)",
					"@executable_path/Frameworks",
				);
				MARKETING_VERSION = 1.0;
				PRODUCT_BUNDLE_IDENTIFIER = yokAppDev.MuscleBuildingRecorder;
				PRODUCT_NAME = "$(TARGET_NAME)";
				STRING_CATALOG_GENERATE_SYMBOLS = YES;
				SWIFT_APPROACHABLE_CONCURRENCY = YES;
				SWIFT_DEFAULT_ACTOR_ISOLATION = MainActor;
				SWIFT_EMIT_LOC_STRINGS = YES;
				SWIFT_UPCOMING_FEATURE_MEMBER_IMPORT_VISIBILITY = YES;
				SWIFT_VERSION = 5.0;
				TARGETED_DEVICE_FAMILY = "1,2";
			};
			name = Release;
		};
		BE2D19722E8D3F2400E741F8 /* Debug */ = {
			isa = XCBuildConfiguration;
			buildSettings = {
				BUNDLE_LOADER = "$(TEST_HOST)";
				CODE_SIGN_STYLE = Automatic;
				CURRENT_PROJECT_VERSION = 1;
				DEVELOPMENT_TEAM = MFQB3583D6;
				GENERATE_INFOPLIST_FILE = YES;
				IPHONEOS_DEPLOYMENT_TARGET = 26.0;
				MARKETING_VERSION = 1.0;
				PRODUCT_BUNDLE_IDENTIFIER = yokAppDev.MuscleBuildingRecorderTests;
				PRODUCT_NAME = "$(TARGET_NAME)";
				STRING_CATALOG_GENERATE_SYMBOLS = NO;
				SWIFT_APPROACHABLE_CONCURRENCY = YES;
				SWIFT_EMIT_LOC_STRINGS = NO;
				SWIFT_UPCOMING_FEATURE_MEMBER_IMPORT_VISIBILITY = YES;
				SWIFT_VERSION = 5.0;
				TARGETED_DEVICE_FAMILY = "1,2";
				TEST_HOST = "$(BUILT_PRODUCTS_DIR)/MuscleBuildingRecorder.app/$(BUNDLE_EXECUTABLE_FOLDER_PATH)/MuscleBuildingRecorder";
			};
			name = Debug;
		};
		BE2D19732E8D3F2400E741F8 /* Release */ = {
			isa = XCBuildConfiguration;
			buildSettings = {
				BUNDLE_LOADER = "$(TEST_HOST)";
				CODE_SIGN_STYLE = Automatic;
				CURRENT_PROJECT_VERSION = 1;
				DEVELOPMENT_TEAM = MFQB3583D6;
				GENERATE_INFOPLIST_FILE = YES;
				IPHONEOS_DEPLOYMENT_TARGET = 26.0;
				MARKETING_VERSION = 1.0;
				PRODUCT_BUNDLE_IDENTIFIER = yokAppDev.MuscleBuildingRecorderTests;
				PRODUCT_NAME = "$(TARGET_NAME)";
				STRING_CATALOG_GENERATE_SYMBOLS = NO;
				SWIFT_APPROACHABLE_CONCURRENCY = YES;
				SWIFT_EMIT_LOC_STRINGS = NO;
				SWIFT_UPCOMING_FEATURE_MEMBER_IMPORT_VISIBILITY = YES;
				SWIFT_VERSION = 5.0;
				TARGETED_DEVICE_FAMILY = "1,2";
				TEST_HOST = "$(BUILT_PRODUCTS_DIR)/MuscleBuildingRecorder.app/$(BUNDLE_EXECUTABLE_FOLDER_PATH)/MuscleBuildingRecorder";
			};
			name = Release;
		};
		BE2D19752E8D3F2400E741F8 /* Debug */ = {
			isa = XCBuildConfiguration;
			buildSettings = {
				CODE_SIGN_STYLE = Automatic;
				CURRENT_PROJECT_VERSION = 1;
				DEVELOPMENT_TEAM = MFQB3583D6;
				GENERATE_INFOPLIST_FILE = YES;
				MARKETING_VERSION = 1.0;
				PRODUCT_BUNDLE_IDENTIFIER = yokAppDev.MuscleBuildingRecorderUITests;
				PRODUCT_NAME = "$(TARGET_NAME)";
				STRING_CATALOG_GENERATE_SYMBOLS = NO;
				SWIFT_APPROACHABLE_CONCURRENCY = YES;
				SWIFT_EMIT_LOC_STRINGS = NO;
				SWIFT_UPCOMING_FEATURE_MEMBER_IMPORT_VISIBILITY = YES;
				SWIFT_VERSION = 5.0;
				TARGETED_DEVICE_FAMILY = "1,2";
				TEST_TARGET_NAME = MuscleBuildingRecorder;
			};
			name = Debug;
		};
		BE2D19762E8D3F2400E741F8 /* Release */ = {
			isa = XCBuildConfiguration;
			buildSettings = {
				CODE_SIGN_STYLE = Automatic;
				CURRENT_PROJECT_VERSION = 1;
				DEVELOPMENT_TEAM = MFQB3583D6;
				GENERATE_INFOPLIST_FILE = YES;
				MARKETING_VERSION = 1.0;
				PRODUCT_BUNDLE_IDENTIFIER = yokAppDev.MuscleBuildingRecorderUITests;
				PRODUCT_NAME = "$(TARGET_NAME)";
				STRING_CATALOG_GENERATE_SYMBOLS = NO;
				SWIFT_APPROACHABLE_CONCURRENCY = YES;
				SWIFT_EMIT_LOC_STRINGS = NO;
				SWIFT_UPCOMING_FEATURE_MEMBER_IMPORT_VISIBILITY = YES;
				SWIFT_VERSION = 5.0;
				TARGETED_DEVICE_FAMILY = "1,2";
				TEST_TARGET_NAME = MuscleBuildingRecorder;
			};
			name = Release;
		};
/* End XCBuildConfiguration section */

/* Begin XCConfigurationList section */
		BE2D19482E8D3F2300E741F8 /* Build configuration list for PBXProject "MuscleBuildingRecorder" */ = {
			isa = XCConfigurationList;
			buildConfigurations = (
				BE2D196C2E8D3F2400E741F8 /* Debug */,
				BE2D196D2E8D3F2400E741F8 /* Release */,
			);
			defaultConfigurationIsVisible = 0;
			defaultConfigurationName = Release;
		};
		BE2D196E2E8D3F2400E741F8 /* Build configuration list for PBXNativeTarget "MuscleBuildingRecorder" */ = {
			isa = XCConfigurationList;
			buildConfigurations = (
				BE2D196F2E8D3F2400E741F8 /* Debug */,
				BE2D19702E8D3F2400E741F8 /* Release */,
			);
			defaultConfigurationIsVisible = 0;
			defaultConfigurationName = Release;
		};
		BE2D19712E8D3F2400E741F8 /* Build configuration list for PBXNativeTarget "MuscleBuildingRecorderTests" */ = {
			isa = XCConfigurationList;
			buildConfigurations = (
				BE2D19722E8D3F2400E741F8 /* Debug */,
				BE2D19732E8D3F2400E741F8 /* Release */,
			);
			defaultConfigurationIsVisible = 0;
			defaultConfigurationName = Release;
		};
		BE2D19742E8D3F2400E741F8 /* Build configuration list for PBXNativeTarget "MuscleBuildingRecorderUITests" */ = {
			isa = XCConfigurationList;
			buildConfigurations = (
				BE2D19752E8D3F2400E741F8 /* Debug */,
				BE2D19762E8D3F2400E741F8 /* Release */,
			);
			defaultConfigurationIsVisible = 0;
			defaultConfigurationName = Release;
		};
/* End XCConfigurationList section */
	};
	rootObject = BE2D19452E8D3F2300E741F8 /* Project object */;
}
