// !$*UTF8*$!
{
	archiveVersion = 1;
	classes = {
	};
	objectVersion = 77;
	objects = {

/* Begin PBXBuildFile section */
		BE2D1B872E91F5B200E741F8 /* MuscleBuildingRecorderWatchTrue Watch App.app in Embed Watch Content */ = {isa = PBXBuildFile; fileRef = BE2D1B672E91F5B100E741F8 /* MuscleBuildingRecorderWatchTrue Watch App.app */; settings = {ATTRIBUTES = (RemoveHeadersOnCopy, ); }; };
		BEE35FB62F02674100A7AA69 /* GoogleMobileAds in Frameworks */ = {isa = PBXBuildFile; productRef = BEE35FB52F02674100A7AA69 /* GoogleMobileAds */; };
/* End PBXBuildFile section */

/* Begin PBXContainerItemProxy section */
		BE2D195B2E8D3F2400E741F8 /* PBXContainerItemProxy */ = {
			isa = PBXContainerItemProxy;
			containerPortal = BE2D19452E8D3F2300E741F8 /* Project object */;
			proxyType = 1;
			remoteGlobalIDString = BE2D194C2E8D3F2300E741F8;
			remoteInfo = MuscleBuildingRecorder;
		};
		BE2D19652E8D3F2400E741F8 /* PBXContainerItemProxy */ = {
			isa = PBXContainerItemProxy;
			containerPortal = BE2D19452E8D3F2300E741F8 /* Project object */;
			proxyType = 1;
			remoteGlobalIDString = BE2D194C2E8D3F2300E741F8;
			remoteInfo = MuscleBuildingRecorder;
		};
		BE2D1B742E91F5B200E741F8 /* PBXContainerItemProxy */ = {
			isa = PBXContainerItemProxy;
			containerPortal = BE2D19452E8D3F2300E741F8 /* Project object */;
			proxyType = 1;
			remoteGlobalIDString = BE2D1B662E91F5B100E741F8;
			remoteInfo = "MuscleBuildingRecorderWatchTrue Watch App";
		};
		BE2D1B7E2E91F5B200E741F8 /* PBXContainerItemProxy */ = {
			isa = PBXContainerItemProxy;
			containerPortal = BE2D19452E8D3F2300E741F8 /* Project object */;
			proxyType = 1;
			remoteGlobalIDString = BE2D1B662E91F5B100E741F8;
			remoteInfo = "MuscleBuildingRecorderWatchTrue Watch App";
		};
		BE2D1B852E91F5B200E741F8 /* PBXContainerItemProxy */ = {
			isa = PBXContainerItemProxy;
			containerPortal = BE2D19452E8D3F2300E741F8 /* Project object */;
			proxyType = 1;
			remoteGlobalIDString = BE2D1B662E91F5B100E741F8;
			remoteInfo = "MuscleBuildingRecorderWatchTrue Watch App";
		};
/* End PBXContainerItemProxy section */

/* Begin PBXCopyFilesBuildPhase section */
		BE2D1B8B2E91F5B200E741F8 /* Embed Watch Content */ = {
			isa = PBXCopyFilesBuildPhase;
			buildActionMask = 2147483647;
			dstPath = "$(CONTENTS_FOLDER_PATH)/Watch";
			dstSubfolderSpec = 16;
			files = (
				BE2D1B872E91F5B200E741F8 /* MuscleBuildingRecorderWatchTrue Watch App.app in Embed Watch Content */,
			);
			name = "Embed Watch Content";
			runOnlyForDeploymentPostprocessing = 0;
		};
/* End PBXCopyFilesBuildPhase section */

/* Begin PBXFileReference section */
		BE2D194D2E8D3F2300E741F8 /* MuscleBuildingRecorder.app */ = {isa = PBXFileReference; explicitFileType = wrapper.application; includeInIndex = 0; path = MuscleBuildingRecorder.app; sourceTree = BUILT_PRODUCTS_DIR; };
		BE2D195A2E8D3F2400E741F8 /* MuscleBuildingRecorderTests.xctest */ = {isa = PBXFileReference; explicitFileType = wrapper.cfbundle; includeInIndex = 0; path = MuscleBuildingRecorderTests.xctest; sourceTree = BUILT_PRODUCTS_DIR; };
		BE2D19642E8D3F2400E741F8 /* MuscleBuildingRecorderUITests.xctest */ = {isa = PBXFileReference; explicitFileType = wrapper.cfbundle; includeInIndex = 0; path = MuscleBuildingRecorderUITests.xctest; sourceTree = BUILT_PRODUCTS_DIR; };
		BE2D1B672E91F5B100E741F8 /* MuscleBuildingRecorderWatchTrue Watch App.app */ = {isa = PBXFileReference; explicitFileType = wrapper.application; includeInIndex = 0; path = "MuscleBuildingRecorderWatchTrue Watch App.app"; sourceTree = BUILT_PRODUCTS_DIR; };
		BE2D1B732E91F5B200E741F8 /* MuscleBuildingRecorderWatchTrue Watch AppTests.xctest */ = {isa = PBXFileReference; explicitFileType = wrapper.cfbundle; includeInIndex = 0; path = "MuscleBuildingRecorderWatchTrue Watch AppTests.xctest"; sourceTree = BUILT_PRODUCTS_DIR; };
		BE2D1B7D2E91F5B200E741F8 /* MuscleBuildingRecorderWatchTrue Watch AppUITests.xctest */ = {isa = PBXFileReference; explicitFileType = wrapper.cfbundle; includeInIndex = 0; path = "MuscleBuildingRecorderWatchTrue Watch AppUITests.xctest"; sourceTree = BUILT_PRODUCTS_DIR; };
/* End PBXFileReference section */

/* Begin PBXFileSystemSynchronizedBuildFileExceptionSet section */
		BE2D1B9C2E91F5B300E741F9 /* Exceptions for "MuscleBuildingRecorderWatchTrue Watch App" folder in "MuscleBuildingRecorderWatchTrue Watch App" target */ = {
			isa = PBXFileSystemSynchronizedBuildFileExceptionSet;
			membershipExceptions = (
				Info.plist,
			);
			target = BE2D1B662E91F5B100E741F8 /* MuscleBuildingRecorderWatchTrue Watch App */;
		};
/* End PBXFileSystemSynchronizedBuildFileExceptionSet section */

/* Begin PBXFileSystemSynchronizedRootGroup section */
		BE2D194F2E8D3F2300E741F8 /* MuscleBuildingRecorder */ = {
			isa = PBXFileSystemSynchronizedRootGroup;
			path = MuscleBuildingRecorder;
			sourceTree = "<group>";
		};
		BE2D195D2E8D3F2400E741F8 /* MuscleBuildingRecorderTests */ = {
			isa = PBXFileSystemSynchronizedRootGroup;
			path = MuscleBuildingRecorderTests;
			sourceTree = "<group>";
		};
		BE2D19672E8D3F2400E741F8 /* MuscleBuildingRecorderUITests */ = {
			isa = PBXFileSystemSynchronizedRootGroup;
			path = MuscleBuildingRecorderUITests;
			sourceTree = "<group>";
		};
		BE2D1B592E91E05700E741F8 /* MuscleBuildingRecorderWatch */ = {
			isa = PBXFileSystemSynchronizedRootGroup;
			path = MuscleBuildingRecorderWatch;
			sourceTree = "<group>";
		};
		BE2D1B682E91F5B100E741F8 /* MuscleBuildingRecorderWatchTrue Watch App */ = {
			isa = PBXFileSystemSynchronizedRootGroup;
			exceptions = (
				BE2D1B9C2E91F5B300E741F9 /* Exceptions for "MuscleBuildingRecorderWatchTrue Watch App" folder in "MuscleBuildingRecorderWatchTrue Watch App" target */,
			);
			path = "MuscleBuildingRecorderWatchTrue Watch App";
			sourceTree = "<group>";
		};
		BE2D1B762E91F5B200E741F8 /* MuscleBuildingRecorderWatchTrue Watch AppTests */ = {
			isa = PBXFileSystemSynchronizedRootGroup;
			path = "MuscleBuildingRecorderWatchTrue Watch AppTests";
			sourceTree = "<group>";
		};
		BE2D1B802E91F5B200E741F8 /* MuscleBuildingRecorderWatchTrue Watch AppUITests */ = {
			isa = PBXFileSystemSynchronizedRootGroup;
			path = "MuscleBuildingRecorderWatchTrue Watch AppUITests";
			sourceTree = "<group>";
		};
/* End PBXFileSystemSynchronizedRootGroup section */

/* Begin PBXFrameworksBuildPhase section */
		BE2D194A2E8D3F2300E741F8 /* Frameworks */ = {
			isa = PBXFrameworksBuildPhase;
			buildActionMask = 2147483647;
			files = (
				BEE35FB62F02674100A7AA69 /* GoogleMobileAds in Frameworks */,
			);
			runOnlyForDeploymentPostprocessing = 0;
		};
		BE2D19572E8D3F2400E741F8 /* Frameworks */ = {
			isa = PBXFrameworksBuildPhase;
			buildActionMask = 2147483647;
			files = (
			);
			runOnlyForDeploymentPostprocessing = 0;
		};
		BE2D19612E8D3F2400E741F8 /* Frameworks */ = {
			isa = PBXFrameworksBuildPhase;
			buildActionMask = 2147483647;
			files = (
			);
			runOnlyForDeploymentPostprocessing = 0;
		};
		BE2D1B642E91F5B100E741F8 /* Frameworks */ = {
			isa = PBXFrameworksBuildPhase;
			buildActionMask = 2147483647;
			files = (
			);
			runOnlyForDeploymentPostprocessing = 0;
		};
		BE2D1B702E91F5B200E741F8 /* Frameworks */ = {
			isa = PBXFrameworksBuildPhase;
			buildActionMask = 2147483647;
			files = (
			);
			runOnlyForDeploymentPostprocessing = 0;
		};
		BE2D1B7A2E91F5B200E741F8 /* Frameworks */ = {
			isa = PBXFrameworksBuildPhase;
			buildActionMask = 2147483647;
			files = (
			);
			runOnlyForDeploymentPostprocessing = 0;
		};
/* End PBXFrameworksBuildPhase section */

/* Begin PBXGroup section */
		BE2D19442E8D3F2300E741F8 = {
			isa = PBXGroup;
			children = (
				BE2D194F2E8D3F2300E741F8 /* MuscleBuildingRecorder */,
				BE2D195D2E8D3F2400E741F8 /* MuscleBuildingRecorderTests */,
				BE2D19672E8D3F2400E741F8 /* MuscleBuildingRecorderUITests */,
				BE2D1B592E91E05700E741F8 /* MuscleBuildingRecorderWatch */,
				BE2D1B682E91F5B100E741F8 /* MuscleBuildingRecorderWatchTrue Watch App */,
				BE2D1B762E91F5B200E741F8 /* MuscleBuildingRecorderWatchTrue Watch AppTests */,
				BE2D1B802E91F5B200E741F8 /* MuscleBuildingRecorderWatchTrue Watch AppUITests */,
				BE2D194E2E8D3F2300E741F8 /* Products */,
			);
			sourceTree = "<group>";
		};
		BE2D194E2E8D3F2300E741F8 /* Products */ = {
			isa = PBXGroup;
			children = (
				BE2D194D2E8D3F2300E741F8 /* MuscleBuildingRecorder.app */,
				BE2D195A2E8D3F2400E741F8 /* MuscleBuildingRecorderTests.xctest */,
				BE2D19642E8D3F2400E741F8 /* MuscleBuildingRecorderUITests.xctest */,
				BE2D1B672E91F5B100E741F8 /* MuscleBuildingRecorderWatchTrue Watch App.app */,
				BE2D1B732E91F5B200E741F8 /* MuscleBuildingRecorderWatchTrue Watch AppTests.xctest */,
				BE2D1B7D2E91F5B200E741F8 /* MuscleBuildingRecorderWatchTrue Watch AppUITests.xctest */,
			);
			name = Products;
			sourceTree = "<group>";
		};
/* End PBXGroup section */

/* Begin PBXNativeTarget section */
		BE2D194C2E8D3F2300E741F8 /* MuscleBuildingRecorder */ = {
			isa = PBXNativeTarget;
			buildConfigurationList = BE2D196E2E8D3F2400E741F8 /* Build configuration list for PBXNativeTarget "MuscleBuildingRecorder" */;
			buildPhases = (
				BE2D19492E8D3F2300E741F8 /* Sources */,
				BE2D194A2E8D3F2300E741F8 /* Frameworks */,
				BE2D194B2E8D3F2300E741F8 /* Resources */,
				BE2D1B8B2E91F5B200E741F8 /* Embed Watch Content */,
			);
			buildRules = (
			);
			dependencies = (
				BE2D1B862E91F5B200E741F8 /* PBXTargetDependency */,
			);
			fileSystemSynchronizedGroups = (
				BE2D194F2E8D3F2300E741F8 /* MuscleBuildingRecorder */,
			);
			name = MuscleBuildingRecorder;
			packageProductDependencies = (
				BEE35FB52F02674100A7AA69 /* GoogleMobileAds */,
			);
			productName = MuscleBuildingRecorder;
			productReference = BE2D194D2E8D3F2300E741F8 /* MuscleBuildingRecorder.app */;
			productType = "com.apple.product-type.application";
		};
		BE2D19592E8D3F2400E741F8 /* MuscleBuildingRecorderTests */ = {
			isa = PBXNativeTarget;
			buildConfigurationList = BE2D19712E8D3F2400E741F8 /* Build configuration list for PBXNativeTarget "MuscleBuildingRecorderTests" */;
			buildPhases = (
				BE2D19562E8D3F2400E741F8 /* Sources */,
				BE2D19572E8D3F2400E741F8 /* Frameworks */,
				BE2D19582E8D3F2400E741F8 /* Resources */,
			);
			buildRules = (
			);
			dependencies = (
				BE2D195C2E8D3F2400E741F8 /* PBXTargetDependency */,
			);
			fileSystemSynchronizedGroups = (
				BE2D195D2E8D3F2400E741F8 /* MuscleBuildingRecorderTests */,
			);
			name = MuscleBuildingRecorderTests;
			packageProductDependencies = (
			);
			productName = MuscleBuildingRecorderTests;
			productReference = BE2D195A2E8D3F2400E741F8 /* MuscleBuildingRecorderTests.xctest */;
			productType = "com.apple.product-type.bundle.unit-test";
		};
		BE2D19632E8D3F2400E741F8 /* MuscleBuildingRecorderUITests */ = {
			isa = PBXNativeTarget;
			buildConfigurationList = BE2D19742E8D3F2400E741F8 /* Build configuration list for PBXNativeTarget "MuscleBuildingRecorderUITests" */;
			buildPhases = (
				BE2D19602E8D3F2400E741F8 /* Sources */,
				BE2D19612E8D3F2400E741F8 /* Frameworks */,
				BE2D19622E8D3F2400E741F8 /* Resources */,
			);
			buildRules = (
			);
			dependencies = (
				BE2D19662E8D3F2400E741F8 /* PBXTargetDependency */,
			);
			fileSystemSynchronizedGroups = (
				BE2D19672E8D3F2400E741F8 /* MuscleBuildingRecorderUITests */,
			);
			name = MuscleBuildingRecorderUITests;
			packageProductDependencies = (
			);
			productName = MuscleBuildingRecorderUITests;
			productReference = BE2D19642E8D3F2400E741F8 /* MuscleBuildingRecorderUITests.xctest */;
			productType = "com.apple.product-type.bundle.ui-testing";
		};
		BE2D1B662E91F5B100E741F8 /* MuscleBuildingRecorderWatchTrue Watch App */ = {
			isa = PBXNativeTarget;
			buildConfigurationList = BE2D1B882E91F5B200E741F8 /* Build configuration list for PBXNativeTarget "MuscleBuildingRecorderWatchTrue Watch App" */;
			buildPhases = (
				BE2D1B632E91F5B100E741F8 /* Sources */,
				BE2D1B642E91F5B100E741F8 /* Frameworks */,
				BE2D1B652E91F5B100E741F8 /* Resources */,
			);
			buildRules = (
			);
			dependencies = (
			);
			fileSystemSynchronizedGroups = (
				BE2D1B682E91F5B100E741F8 /* MuscleBuildingRecorderWatchTrue Watch App */,
			);
			name = "MuscleBuildingRecorderWatchTrue Watch App";
			packageProductDependencies = (
			);
			productName = "MuscleBuildingRecorderWatchTrue Watch App";
			productReference = BE2D1B672E91F5B100E741F8 /* MuscleBuildingRecorderWatchTrue Watch App.app */;
			productType = "com.apple.product-type.application";
		};
		BE2D1B722E91F5B200E741F8 /* MuscleBuildingRecorderWatchTrue Watch AppTests */ = {
			isa = PBXNativeTarget;
			buildConfigurationList = BE2D1B8C2E91F5B200E741F8 /* Build configuration list for PBXNativeTarget "MuscleBuildingRecorderWatchTrue Watch AppTests" */;
			buildPhases = (
				BE2D1B6F2E91F5B200E741F8 /* Sources */,
				BE2D1B702E91F5B200E741F8 /* Frameworks */,
				BE2D1B712E91F5B200E741F8 /* Resources */,
			);
			buildRules = (
			);
			dependencies = (
				BE2D1B752E91F5B200E741F8 /* PBXTargetDependency */,
			);
			fileSystemSynchronizedGroups = (
				BE2D1B762E91F5B200E741F8 /* MuscleBuildingRecorderWatchTrue Watch AppTests */,
			);
			name = "MuscleBuildingRecorderWatchTrue Watch AppTests";
			packageProductDependencies = (
			);
			productName = "MuscleBuildingRecorderWatchTrue Watch AppTests";
			productReference = BE2D1B732E91F5B200E741F8 /* MuscleBuildingRecorderWatchTrue Watch AppTests.xctest */;
			productType = "com.apple.product-type.bundle.unit-test";
		};
		BE2D1B7C2E91F5B200E741F8 /* MuscleBuildingRecorderWatchTrue Watch AppUITests */ = {
			isa = PBXNativeTarget;
			buildConfigurationList = BE2D1B8F2E91F5B200E741F8 /* Build configuration list for PBXNativeTarget "MuscleBuildingRecorderWatchTrue Watch AppUITests" */;
			buildPhases = (
				BE2D1B792E91F5B200E741F8 /* Sources */,
				BE2D1B7A2E91F5B200E741F8 /* Frameworks */,
				BE2D1B7B2E91F5B200E741F8 /* Resources */,
			);
			buildRules = (
			);
			dependencies = (
				BE2D1B7F2E91F5B200E741F8 /* PBXTargetDependency */,
			);
			fileSystemSynchronizedGroups = (
				BE2D1B802E91F5B200E741F8 /* MuscleBuildingRecorderWatchTrue Watch AppUITests */,
			);
			name = "MuscleBuildingRecorderWatchTrue Watch AppUITests";
			packageProductDependencies = (
			);
			productName = "MuscleBuildingRecorderWatchTrue Watch AppUITests";
			productReference = BE2D1B7D2E91F5B200E741F8 /* MuscleBuildingRecorderWatchTrue Watch AppUITests.xctest */;
			productType = "com.apple.product-type.bundle.ui-testing";
		};
/* End PBXNativeTarget section */

/* Begin PBXProject section */
		BE2D19452E8D3F2300E741F8 /* Project object */ = {
			isa = PBXProject;
			attributes = {
				BuildIndependentTargetsInParallel = 1;
				LastSwiftUpdateCheck = 2600;
				LastUpgradeCheck = 2600;
				TargetAttributes = {
					BE2D194C2E8D3F2300E741F8 = {
						CreatedOnToolsVersion = 26.0.1;
					};
					BE2D19592E8D3F2400E741F8 = {
						CreatedOnToolsVersion = 26.0.1;
						TestTargetID = BE2D194C2E8D3F2300E741F8;
					};
					BE2D19632E8D3F2400E741F8 = {
						CreatedOnToolsVersion = 26.0.1;
						TestTargetID = BE2D194C2E8D3F2300E741F8;
					};
					BE2D1B662E91F5B100E741F8 = {
						CreatedOnToolsVersion = 26.0.1;
					};
					BE2D1B722E91F5B200E741F8 = {
						CreatedOnToolsVersion = 26.0.1;
						TestTargetID = BE2D1B662E91F5B100E741F8;
					};
					BE2D1B7C2E91F5B200E741F8 = {
						CreatedOnToolsVersion = 26.0.1;
						TestTargetID = BE2D1B662E91F5B100E741F8;
					};
				};
			};
			buildConfigurationList = BE2D19482E8D3F2300E741F8 /* Build configuration list for PBXProject "MuscleBuildingRecorder" */;
			developmentRegion = en;
			hasScannedForEncodings = 0;
			knownRegions = (
				en,
				Base,
			);
			mainGroup = BE2D19442E8D3F2300E741F8;
			minimizedProjectReferenceProxies = 1;
			packageReferences = (
				BEE35FB42F02674100A7AA69 /* XCRemoteSwiftPackageReference "swift-package-manager-google-mobile-ads" */,
			);
			preferredProjectObjectVersion = 77;
			productRefGroup = BE2D194E2E8D3F2300E741F8 /* Products */;
			projectDirPath = "";
			projectRoot = "";
			targets = (
				BE2D194C2E8D3F2300E741F8 /* MuscleBuildingRecorder */,
				BE2D19592E8D3F2400E741F8 /* MuscleBuildingRecorderTests */,
				BE2D19632E8D3F2400E741F8 /* MuscleBuildingRecorderUITests */,
				BE2D1B662E91F5B100E741F8 /* MuscleBuildingRecorderWatchTrue Watch App */,
				BE2D1B722E91F5B200E741F8 /* MuscleBuildingRecorderWatchTrue Watch AppTests */,
				BE2D1B7C2E91F5B200E741F8 /* MuscleBuildingRecorderWatchTrue Watch AppUITests */,
			);
		};
/* End PBXProject section */

/* Begin PBXResourcesBuildPhase section */
		BE2D194B2E8D3F2300E741F8 /* Resources */ = {
			isa = PBXResourcesBuildPhase;
			buildActionMask = 2147483647;
			files = (
			);
			runOnlyForDeploymentPostprocessing = 0;
		};
		BE2D19582E8D3F2400E741F8 /* Resources */ = {
			isa = PBXResourcesBuildPhase;
			buildActionMask = 2147483647;
			files = (
			);
			runOnlyForDeploymentPostprocessing = 0;
		};
		BE2D19622E8D3F2400E741F8 /* Resources */ = {
			isa = PBXResourcesBuildPhase;
			buildActionMask = 2147483647;
			files = (
			);
			runOnlyForDeploymentPostprocessing = 0;
		};
		BE2D1B652E91F5B100E741F8 /* Resources */ = {
			isa = PBXResourcesBuildPhase;
			buildActionMask = 2147483647;
			files = (
			);
			runOnlyForDeploymentPostprocessing = 0;
		};
		BE2D1B712E91F5B200E741F8 /* Resources */ = {
			isa = PBXResourcesBuildPhase;
			buildActionMask = 2147483647;
			files = (
			);
			runOnlyForDeploymentPostprocessing = 0;
		};
		BE2D1B7B2E91F5B200E741F8 /* Resources */ = {
			isa = PBXResourcesBuildPhase;
			buildActionMask = 2147483647;
			files = (
			);
			runOnlyForDeploymentPostprocessing = 0;
		};
/* End PBXResourcesBuildPhase section */

/* Begin PBXSourcesBuildPhase section */
		BE2D19492E8D3F2300E741F8 /* Sources */ = {
			isa = PBXSourcesBuildPhase;
			buildActionMask = 2147483647;
			files = (
			);
			runOnlyForDeploymentPostprocessing = 0;
		};
		BE2D19562E8D3F2400E741F8 /* Sources */ = {
			isa = PBXSourcesBuildPhase;
			buildActionMask = 2147483647;
			files = (
			);
			runOnlyForDeploymentPostprocessing = 0;
		};
		BE2D19602E8D3F2400E741F8 /* Sources */ = {
			isa = PBXSourcesBuildPhase;
			buildActionMask = 2147483647;
			files = (
			);
			runOnlyForDeploymentPostprocessing = 0;
		};
		BE2D1B632E91F5B100E741F8 /* Sources */ = {
			isa = PBXSourcesBuildPhase;
			buildActionMask = 2147483647;
			files = (
			);
			runOnlyForDeploymentPostprocessing = 0;
		};
		BE2D1B6F2E91F5B200E741F8 /* Sources */ = {
			isa = PBXSourcesBuildPhase;
			buildActionMask = 2147483647;
			files = (
			);
			runOnlyForDeploymentPostprocessing = 0;
		};
		BE2D1B792E91F5B200E741F8 /* Sources */ = {
			isa = PBXSourcesBuildPhase;
			buildActionMask = 2147483647;
			files = (
			);
			runOnlyForDeploymentPostprocessing = 0;
		};
/* End PBXSourcesBuildPhase section */

/* Begin PBXTargetDependency section */
		BE2D195C2E8D3F2400E741F8 /* PBXTargetDependency */ = {
			isa = PBXTargetDependency;
			target = BE2D194C2E8D3F2300E741F8 /* MuscleBuildingRecorder */;
			targetProxy = BE2D195B2E8D3F2400E741F8 /* PBXContainerItemProxy */;
		};
		BE2D19662E8D3F2400E741F8 /* PBXTargetDependency */ = {
			isa = PBXTargetDependency;
			target = BE2D194C2E8D3F2300E741F8 /* MuscleBuildingRecorder */;
			targetProxy = BE2D19652E8D3F2400E741F8 /* PBXContainerItemProxy */;
		};
		BE2D1B752E91F5B200E741F8 /* PBXTargetDependency */ = {
			isa = PBXTargetDependency;
			target = BE2D1B662E91F5B100E741F8 /* MuscleBuildingRecorderWatchTrue Watch App */;
			targetProxy = BE2D1B742E91F5B200E741F8 /* PBXContainerItemProxy */;
		};
		BE2D1B7F2E91F5B200E741F8 /* PBXTargetDependency */ = {
			isa = PBXTargetDependency;
			target = BE2D1B662E91F5B100E741F8 /* MuscleBuildingRecorderWatchTrue Watch App */;
			targetProxy = BE2D1B7E2E91F5B200E741F8 /* PBXContainerItemProxy */;
		};
		BE2D1B862E91F5B200E741F8 /* PBXTargetDependency */ = {
			isa = PBXTargetDependency;
			target = BE2D1B662E91F5B100E741F8 /* MuscleBuildingRecorderWatchTrue Watch App */;
			targetProxy = BE2D1B852E91F5B200E741F8 /* PBXContainerItemProxy */;
		};
/* End PBXTargetDependency section */

/* Begin XCBuildConfiguration section */
		BE2D196C2E8D3F2400E741F8 /* Debug */ = {
			isa = XCBuildConfiguration;
			buildSettings = {
				ALWAYS_SEARCH_USER_PATHS = NO;
				ASSETCATALOG_COMPILER_GENERATE_SWIFT_ASSET_SYMBOL_EXTENSIONS = YES;
				CLANG_ANALYZER_NONNULL = YES;
				CLANG_ANALYZER_NUMBER_OBJECT_CONVERSION = YES_AGGRESSIVE;
				CLANG_CXX_LANGUAGE_STANDARD = "gnu++20";
				CLANG_ENABLE_MODULES = YES;
				CLANG_ENABLE_OBJC_ARC = YES;
				CLANG_ENABLE_OBJC_WEAK = YES;
				CLANG_WARN_BLOCK_CAPTURE_AUTORELEASING = YES;
				CLANG_WARN_BOOL_CONVERSION = YES;
				CLANG_WARN_COMMA = YES;
				CLANG_WARN_CONSTANT_CONVERSION = YES;
				CLANG_WARN_DEPRECATED_OBJC_IMPLEMENTATIONS = YES;
				CLANG_WARN_DIRECT_OBJC_ISA_USAGE = YES_ERROR;
				CLANG_WARN_DOCUMENTATION_COMMENTS = YES;
				CLANG_WARN_EMPTY_BODY = YES;
				CLANG_WARN_ENUM_CONVERSION = YES;
				CLANG_WARN_INFINITE_RECURSION = YES;
				CLANG_WARN_INT_CONVERSION = YES;
				CLANG_WARN_NON_LITERAL_NULL_CONVERSION = YES;
				CLANG_WARN_OBJC_IMPLICIT_RETAIN_SELF = YES;
				CLANG_WARN_OBJC_LITERAL_CONVERSION = YES;
				CLANG_WARN_OBJC_ROOT_CLASS = YES_ERROR;
				CLANG_WARN_QUOTED_INCLUDE_IN_FRAMEWORK_HEADER = YES;
				CLANG_WARN_RANGE_LOOP_ANALYSIS = YES;
				CLANG_WARN_STRICT_PROTOTYPES = YES;
				CLANG_WARN_SUSPICIOUS_MOVE = YES;
				CLANG_WARN_UNGUARDED_AVAILABILITY = YES_AGGRESSIVE;
				CLANG_WARN_UNREACHABLE_CODE = YES;
				CLANG_WARN__DUPLICATE_METHOD_MATCH = YES;
				COPY_PHASE_STRIP = NO;
				DEBUG_INFORMATION_FORMAT = dwarf;
				DEVELOPMENT_TEAM = MFQB3583D6;
				ENABLE_STRICT_OBJC_MSGSEND = YES;
				ENABLE_TESTABILITY = YES;
				ENABLE_USER_SCRIPT_SANDBOXING = YES;
				GCC_C_LANGUAGE_STANDARD = gnu17;
				GCC_DYNAMIC_NO_PIC = NO;
				GCC_NO_COMMON_BLOCKS = YES;
				GCC_OPTIMIZATION_LEVEL = 0;
				GCC_PREPROCESSOR_DEFINITIONS = (
					"DEBUG=1",
					"$(inherited)",
				);
				GCC_WARN_64_TO_32_BIT_CONVERSION = YES;
				GCC_WARN_ABOUT_RETURN_TYPE = YES_ERROR;
				GCC_WARN_UNDECLARED_SELECTOR = YES;
				GCC_WARN_UNINITIALIZED_AUTOS = YES_AGGRESSIVE;
				GCC_WARN_UNUSED_FUNCTION = YES;
				GCC_WARN_UNUSED_VARIABLE = YES;
				IPHONEOS_DEPLOYMENT_TARGET = 17.0;
				LOCALIZATION_PREFERS_STRING_CATALOGS = YES;
				MTL_ENABLE_DEBUG_INFO = INCLUDE_SOURCE;
				MTL_FAST_MATH = YES;
				ONLY_ACTIVE_ARCH = YES;
				SDKROOT = iphoneos;
				SWIFT_ACTIVE_COMPILATION_CONDITIONS = "DEBUG $(inherited)";
				SWIFT_OPTIMIZATION_LEVEL = "-Onone";
			};
			name = Debug;
		};
		BE2D196D2E8D3F2400E741F8 /* Release */ = {
			isa = XCBuildConfiguration;
			buildSettings = {
				ALWAYS_SEARCH_USER_PATHS = NO;
				ASSETCATALOG_COMPILER_GENERATE_SWIFT_ASSET_SYMBOL_EXTENSIONS = YES;
				CLANG_ANALYZER_NONNULL = YES;
				CLANG_ANALYZER_NUMBER_OBJECT_CONVERSION = YES_AGGRESSIVE;
				CLANG_CXX_LANGUAGE_STANDARD = "gnu++20";
				CLANG_ENABLE_MODULES = YES;
				CLANG_ENABLE_OBJC_ARC = YES;
				CLANG_ENABLE_OBJC_WEAK = YES;
				CLANG_WARN_BLOCK_CAPTURE_AUTORELEASING = YES;
				CLANG_WARN_BOOL_CONVERSION = YES;
				CLANG_WARN_COMMA = YES;
				CLANG_WARN_CONSTANT_CONVERSION = YES;
				CLANG_WARN_DEPRECATED_OBJC_IMPLEMENTATIONS = YES;
				CLANG_WARN_DIRECT_OBJC_ISA_USAGE = YES_ERROR;
				CLANG_WARN_DOCUMENTATION_COMMENTS = YES;
				CLANG_WARN_EMPTY_BODY = YES;
				CLANG_WARN_ENUM_CONVERSION = YES;
				CLANG_WARN_INFINITE_RECURSION = YES;
				CLANG_WARN_INT_CONVERSION = YES;
				CLANG_WARN_NON_LITERAL_NULL_CONVERSION = YES;
				CLANG_WARN_OBJC_IMPLICIT_RETAIN_SELF = YES;
				CLANG_WARN_OBJC_LITERAL_CONVERSION = YES;
				CLANG_WARN_OBJC_ROOT_CLASS = YES_ERROR;
				CLANG_WARN_QUOTED_INCLUDE_IN_FRAMEWORK_HEADER = YES;
				CLANG_WARN_RANGE_LOOP_ANALYSIS = YES;
				CLANG_WARN_STRICT_PROTOTYPES = YES;
				CLANG_WARN_SUSPICIOUS_MOVE = YES;
				CLANG_WARN_UNGUARDED_AVAILABILITY = YES_AGGRESSIVE;
				CLANG_WARN_UNREACHABLE_CODE = YES;
				CLANG_WARN__DUPLICATE_METHOD_MATCH = YES;
				COPY_PHASE_STRIP = NO;
				DEBUG_INFORMATION_FORMAT = "dwarf-with-dsym";
				DEVELOPMENT_TEAM = MFQB3583D6;
				ENABLE_NS_ASSERTIONS = NO;
				ENABLE_STRICT_OBJC_MSGSEND = YES;
				ENABLE_USER_SCRIPT_SANDBOXING = YES;
				GCC_C_LANGUAGE_STANDARD = gnu17;
				GCC_NO_COMMON_BLOCKS = YES;
				GCC_WARN_64_TO_32_BIT_CONVERSION = YES;
				GCC_WARN_ABOUT_RETURN_TYPE = YES_ERROR;
				GCC_WARN_UNDECLARED_SELECTOR = YES;
				GCC_WARN_UNINITIALIZED_AUTOS = YES_AGGRESSIVE;
				GCC_WARN_UNUSED_FUNCTION = YES;
				GCC_WARN_UNUSED_VARIABLE = YES;
				IPHONEOS_DEPLOYMENT_TARGET = 17.0;
				LOCALIZATION_PREFERS_STRING_CATALOGS = YES;
				MTL_ENABLE_DEBUG_INFO = NO;
				MTL_FAST_MATH = YES;
				SDKROOT = iphoneos;
				SWIFT_COMPILATION_MODE = wholemodule;
				VALIDATE_PRODUCT = YES;
			};
			name = Release;
		};
		BE2D196F2E8D3F2400E741F8 /* Debug */ = {
			isa = XCBuildConfiguration;
			buildSettings = {
				ASSETCATALOG_COMPILER_APPICON_NAME = AppIcon;
				ASSETCATALOG_COMPILER_GLOBAL_ACCENT_COLOR_NAME = AccentColor;
				CODE_SIGN_ENTITLEMENTS = MuscleBuildingRecorder/MuscleBuildingRecorder.entitlements;
				CODE_SIGN_STYLE = Automatic;
				CURRENT_PROJECT_VERSION = 1;
				DEVELOPMENT_TEAM = MFQB3583D6;
				ENABLE_PREVIEWS = YES;
				GENERATE_INFOPLIST_FILE = YES;
				INFOPLIST_FILE = "iOS-Info.plist";
				INFOPLIST_KEY_NSBluetoothAlwaysUsageDescription = "このアプリはBluetooth心拍計およびAirPods Proと接続して、リアルタイムで心拍数を測定するために使用します。";
				INFOPLIST_KEY_NSBluetoothPeripheralUsageDescription = "このアプリはBluetooth Low Energy心拍計およびAirPods Proからデータを取得するために使用します。";
				INFOPLIST_KEY_NSHealthShareUsageDescription = "このアプリはワークアウト中の心拍数データを読み取り、トレーニングの効果を可視化するためにHealthKitを使用します。";
				INFOPLIST_KEY_NSHealthUpdateUsageDescription = "このアプリはワークアウトセッションをHealthKitに保存し、フィットネス記録を管理するために使用します。";
				INFOPLIST_KEY_NSSupportsLiveActivities = YES;
				INFOPLIST_KEY_NSSupportsLiveActivitiesFrequentUpdates = YES;
				INFOPLIST_KEY_UIApplicationSceneManifest_Generation = YES;
				INFOPLIST_KEY_UIApplicationSupportsIndirectInputEvents = YES;
				INFOPLIST_KEY_UILaunchScreen_Generation = YES;
				INFOPLIST_KEY_UISupportedInterfaceOrientations_iPad = "UIInterfaceOrientationPortrait UIInterfaceOrientationPortraitUpsideDown UIInterfaceOrientationLandscapeLeft UIInterfaceOrientationLandscapeRight";
				INFOPLIST_KEY_UISupportedInterfaceOrientations_iPhone = "UIInterfaceOrientationPortrait UIInterfaceOrientationLandscapeLeft UIInterfaceOrientationLandscapeRight";
				LD_RUNPATH_SEARCH_PATHS = (
					"$(inherited)",
					"@executable_path/Frameworks",
				);
				MARKETING_VERSION = 1.0;
				PRODUCT_BUNDLE_IDENTIFIER = yokAppDev.MuscleBuildingRecorder;
				PRODUCT_NAME = "$(TARGET_NAME)";
				STRING_CATALOG_GENERATE_SYMBOLS = YES;
				SWIFT_APPROACHABLE_CONCURRENCY = YES;
				SWIFT_DEFAULT_ACTOR_ISOLATION = MainActor;
				SWIFT_EMIT_LOC_STRINGS = YES;
				SWIFT_UPCOMING_FEATURE_MEMBER_IMPORT_VISIBILITY = YES;
				SWIFT_VERSION = 5.0;
				TARGETED_DEVICE_FAMILY = "1,2";
			};
			name = Debug;
		};
		BE2D19702E8D3F2400E741F8 /* Release */ = {
			isa = XCBuildConfiguration;
			buildSettings = {
				ASSETCATALOG_COMPILER_APPICON_NAME = AppIcon;
				ASSETCATALOG_COMPILER_GLOBAL_ACCENT_COLOR_NAME = AccentColor;
				CODE_SIGN_ENTITLEMENTS = MuscleBuildingRecorder/MuscleBuildingRecorder.entitlements;
				CODE_SIGN_STYLE = Automatic;
				CURRENT_PROJECT_VERSION = 1;
				DEVELOPMENT_TEAM = MFQB3583D6;
				ENABLE_PREVIEWS = YES;
				GENERATE_INFOPLIST_FILE = YES;
				INFOPLIST_FILE = "iOS-Info.plist";
				INFOPLIST_KEY_NSBluetoothAlwaysUsageDescription = "このアプリはBluetooth心拍計およびAirPods Proと接続して、リアルタイムで心拍数を測定するために使用します。";
				INFOPLIST_KEY_NSBluetoothPeripheralUsageDescription = "このアプリはBluetooth Low Energy心拍計およびAirPods Proからデータを取得するために使用します。";
				INFOPLIST_KEY_NSHealthShareUsageDescription = "このアプリはワークアウト中の心拍数データを読み取り、トレーニングの効果を可視化するためにHealthKitを使用します。";
				INFOPLIST_KEY_NSHealthUpdateUsageDescription = "このアプリはワークアウトセッションをHealthKitに保存し、フィットネス記録を管理するために使用します。";
				INFOPLIST_KEY_NSSupportsLiveActivities = YES;
				INFOPLIST_KEY_NSSupportsLiveActivitiesFrequentUpdates = YES;
				INFOPLIST_KEY_UIApplicationSceneManifest_Generation = YES;
				INFOPLIST_KEY_UIApplicationSupportsIndirectInputEvents = YES;
				INFOPLIST_KEY_UILaunchScreen_Generation = YES;
				INFOPLIST_KEY_UISupportedInterfaceOrientations_iPad = "UIInterfaceOrientationPortrait UIInterfaceOrientationPortraitUpsideDown UIInterfaceOrientationLandscapeLeft UIInterfaceOrientationLandscapeRight";
				INFOPLIST_KEY_UISupportedInterfaceOrientations_iPhone = "UIInterfaceOrientationPortrait UIInterfaceOrientationLandscapeLeft UIInterfaceOrientationLandscapeRight";
				LD_RUNPATH_SEARCH_PATHS = (
					"$(inherited)",
					"@executable_path/Frameworks",
				);
				MARKETING_VERSION = 1.0;
				PRODUCT_BUNDLE_IDENTIFIER = yokAppDev.MuscleBuildingRecorder;
				PRODUCT_NAME = "$(TARGET_NAME)";
				STRING_CATALOG_GENERATE_SYMBOLS = YES;
				SWIFT_APPROACHABLE_CONCURRENCY = YES;
				SWIFT_DEFAULT_ACTOR_ISOLATION = MainActor;
				SWIFT_EMIT_LOC_STRINGS = YES;
				SWIFT_UPCOMING_FEATURE_MEMBER_IMPORT_VISIBILITY = YES;
				SWIFT_VERSION = 5.0;
				TARGETED_DEVICE_FAMILY = "1,2";
			};
			name = Release;
		};
		BE2D19722E8D3F2400E741F8 /* Debug */ = {
			isa = XCBuildConfiguration;
			buildSettings = {
				BUNDLE_LOADER = "$(TEST_HOST)";
				CODE_SIGN_STYLE = Automatic;
				CURRENT_PROJECT_VERSION = 1;
				DEVELOPMENT_TEAM = MFQB3583D6;
				GENERATE_INFOPLIST_FILE = YES;
				IPHONEOS_DEPLOYMENT_TARGET = 17.0;
				MARKETING_VERSION = 1.0;
				PRODUCT_BUNDLE_IDENTIFIER = yokAppDev.MuscleBuildingRecorderTests;
				PRODUCT_NAME = "$(TARGET_NAME)";
				STRING_CATALOG_GENERATE_SYMBOLS = NO;
				SWIFT_APPROACHABLE_CONCURRENCY = YES;
				SWIFT_EMIT_LOC_STRINGS = NO;
				SWIFT_UPCOMING_FEATURE_MEMBER_IMPORT_VISIBILITY = YES;
				SWIFT_VERSION = 5.0;
				TARGETED_DEVICE_FAMILY = "1,2";
				TEST_HOST = "$(BUILT_PRODUCTS_DIR)/MuscleBuildingRecorder.app/$(BUNDLE_EXECUTABLE_FOLDER_PATH)/MuscleBuildingRecorder";
			};
			name = Debug;
		};
		BE2D19732E8D3F2400E741F8 /* Release */ = {
			isa = XCBuildConfiguration;
			buildSettings = {
				BUNDLE_LOADER = "$(TEST_HOST)";
				CODE_SIGN_STYLE = Automatic;
				CURRENT_PROJECT_VERSION = 1;
				DEVELOPMENT_TEAM = MFQB3583D6;
				GENERATE_INFOPLIST_FILE = YES;
				IPHONEOS_DEPLOYMENT_TARGET = 17.0;
				MARKETING_VERSION = 1.0;
				PRODUCT_BUNDLE_IDENTIFIER = yokAppDev.MuscleBuildingRecorderTests;
				PRODUCT_NAME = "$(TARGET_NAME)";
				STRING_CATALOG_GENERATE_SYMBOLS = NO;
				SWIFT_APPROACHABLE_CONCURRENCY = YES;
				SWIFT_EMIT_LOC_STRINGS = NO;
				SWIFT_UPCOMING_FEATURE_MEMBER_IMPORT_VISIBILITY = YES;
				SWIFT_VERSION = 5.0;
				TARGETED_DEVICE_FAMILY = "1,2";
				TEST_HOST = "$(BUILT_PRODUCTS_DIR)/MuscleBuildingRecorder.app/$(BUNDLE_EXECUTABLE_FOLDER_PATH)/MuscleBuildingRecorder";
			};
			name = Release;
		};
		BE2D19752E8D3F2400E741F8 /* Debug */ = {
			isa = XCBuildConfiguration;
			buildSettings = {
				CODE_SIGN_STYLE = Automatic;
				CURRENT_PROJECT_VERSION = 1;
				DEVELOPMENT_TEAM = MFQB3583D6;
				GENERATE_INFOPLIST_FILE = YES;
				MARKETING_VERSION = 1.0;
				PRODUCT_BUNDLE_IDENTIFIER = yokAppDev.MuscleBuildingRecorderUITests;
				PRODUCT_NAME = "$(TARGET_NAME)";
				STRING_CATALOG_GENERATE_SYMBOLS = NO;
				SWIFT_APPROACHABLE_CONCURRENCY = YES;
				SWIFT_EMIT_LOC_STRINGS = NO;
				SWIFT_UPCOMING_FEATURE_MEMBER_IMPORT_VISIBILITY = YES;
				SWIFT_VERSION = 5.0;
				TARGETED_DEVICE_FAMILY = "1,2";
				TEST_TARGET_NAME = MuscleBuildingRecorder;
			};
			name = Debug;
		};
		BE2D19762E8D3F2400E741F8 /* Release */ = {
			isa = XCBuildConfiguration;
			buildSettings = {
				CODE_SIGN_STYLE = Automatic;
				CURRENT_PROJECT_VERSION = 1;
				DEVELOPMENT_TEAM = MFQB3583D6;
				GENERATE_INFOPLIST_FILE = YES;
				MARKETING_VERSION = 1.0;
				PRODUCT_BUNDLE_IDENTIFIER = yokAppDev.MuscleBuildingRecorderUITests;
				PRODUCT_NAME = "$(TARGET_NAME)";
				STRING_CATALOG_GENERATE_SYMBOLS = NO;
				SWIFT_APPROACHABLE_CONCURRENCY = YES;
				SWIFT_EMIT_LOC_STRINGS = NO;
				SWIFT_UPCOMING_FEATURE_MEMBER_IMPORT_VISIBILITY = YES;
				SWIFT_VERSION = 5.0;
				TARGETED_DEVICE_FAMILY = "1,2";
				TEST_TARGET_NAME = MuscleBuildingRecorder;
			};
			name = Release;
		};
		BE2D1B892E91F5B200E741F8 /* Debug */ = {
			isa = XCBuildConfiguration;
			buildSettings = {
				ASSETCATALOG_COMPILER_APPICON_NAME = AppIcon;
				ASSETCATALOG_COMPILER_GLOBAL_ACCENT_COLOR_NAME = AccentColor;
				CODE_SIGN_ENTITLEMENTS = "MuscleBuildingRecorderWatchTrue Watch App/MuscleBuildingRecorderWatchTrue Watch App.entitlements";
				CODE_SIGN_STYLE = Automatic;
				CURRENT_PROJECT_VERSION = 1;
				DEVELOPMENT_TEAM = MFQB3583D6;
				ENABLE_PREVIEWS = YES;
				GENERATE_INFOPLIST_FILE = NO;
				INFOPLIST_FILE = "MuscleBuildingRecorderWatchTrue Watch App/Info.plist";
				INFOPLIST_KEY_CFBundleDisplayName = MuscleBuildingRecorderWatchTrue;
				INFOPLIST_KEY_NSHealthShareUsageDescription = "ワークアウト中の心拍数データを読み取るために使用します";
				INFOPLIST_KEY_NSHealthUpdateUsageDescription = "ワークアウトセッションを保存するために使用します";
				INFOPLIST_KEY_UISupportedInterfaceOrientations = "UIInterfaceOrientationPortrait UIInterfaceOrientationPortraitUpsideDown";
				INFOPLIST_KEY_WKApplication = YES;
				INFOPLIST_KEY_WKCompanionAppBundleIdentifier = yokAppDev.MuscleBuildingRecorder;
				LD_RUNPATH_SEARCH_PATHS = (
					"$(inherited)",
					"@executable_path/Frameworks",
				);
				MARKETING_VERSION = 1.1;
				PRODUCT_BUNDLE_IDENTIFIER = yokAppDev.MuscleBuildingRecorder.watchkitapp;
				PRODUCT_NAME = "$(TARGET_NAME)";
				SDKROOT = watchos;
				SKIP_INSTALL = YES;
				STRING_CATALOG_GENERATE_SYMBOLS = YES;
				SWIFT_APPROACHABLE_CONCURRENCY = YES;
				SWIFT_DEFAULT_ACTOR_ISOLATION = MainActor;
				SWIFT_EMIT_LOC_STRINGS = YES;
				SWIFT_UPCOMING_FEATURE_MEMBER_IMPORT_VISIBILITY = YES;
				SWIFT_VERSION = 5.0;
				TARGETED_DEVICE_FAMILY = 4;
				WATCHOS_DEPLOYMENT_TARGET = 10.0;
			};
			name = Debug;
		};
		BE2D1B8A2E91F5B200E741F8 /* Release */ = {
			isa = XCBuildConfiguration;
			buildSettings = {
				ASSETCATALOG_COMPILER_APPICON_NAME = AppIcon;
				ASSETCATALOG_COMPILER_GLOBAL_ACCENT_COLOR_NAME = AccentColor;
				CODE_SIGN_ENTITLEMENTS = "MuscleBuildingRecorderWatchTrue Watch App/MuscleBuildingRecorderWatchTrue Watch App.entitlements";
				CODE_SIGN_STYLE = Automatic;
				CURRENT_PROJECT_VERSION = 1;
				DEVELOPMENT_TEAM = MFQB3583D6;
				ENABLE_PREVIEWS = YES;
				GENERATE_INFOPLIST_FILE = NO;
				INFOPLIST_FILE = "MuscleBuildingRecorderWatchTrue Watch App/Info.plist";
				INFOPLIST_KEY_CFBundleDisplayName = MuscleBuildingRecorderWatchTrue;
				INFOPLIST_KEY_NSHealthShareUsageDescription = "ワークアウト中の心拍数データを読み取るために使用します";
				INFOPLIST_KEY_NSHealthUpdateUsageDescription = "ワークアウトセッションを保存するために使用します";
				INFOPLIST_KEY_UISupportedInterfaceOrientations = "UIInterfaceOrientationPortrait UIInterfaceOrientationPortraitUpsideDown";
				INFOPLIST_KEY_WKApplication = YES;
				INFOPLIST_KEY_WKCompanionAppBundleIdentifier = yokAppDev.MuscleBuildingRecorder;
				LD_RUNPATH_SEARCH_PATHS = (
					"$(inherited)",
					"@executable_path/Frameworks",
				);
				MARKETING_VERSION = 1.1;
				PRODUCT_BUNDLE_IDENTIFIER = yokAppDev.MuscleBuildingRecorder.watchkitapp;
				PRODUCT_NAME = "$(TARGET_NAME)";
				SDKROOT = watchos;
				SKIP_INSTALL = YES;
				STRING_CATALOG_GENERATE_SYMBOLS = YES;
				SWIFT_APPROACHABLE_CONCURRENCY = YES;
				SWIFT_DEFAULT_ACTOR_ISOLATION = MainActor;
				SWIFT_EMIT_LOC_STRINGS = YES;
				SWIFT_UPCOMING_FEATURE_MEMBER_IMPORT_VISIBILITY = YES;
				SWIFT_VERSION = 5.0;
				TARGETED_DEVICE_FAMILY = 4;
				WATCHOS_DEPLOYMENT_TARGET = 10.0;
			};
			name = Release;
		};
		BE2D1B8D2E91F5B200E741F8 /* Debug */ = {
			isa = XCBuildConfiguration;
			buildSettings = {
				BUNDLE_LOADER = "$(TEST_HOST)";
				CODE_SIGN_STYLE = Automatic;
				CURRENT_PROJECT_VERSION = 1;
				DEVELOPMENT_TEAM = MFQB3583D6;
				GENERATE_INFOPLIST_FILE = YES;
				MARKETING_VERSION = 1.0;
				PRODUCT_BUNDLE_IDENTIFIER = "yokAppDev.MuscleBuildingRecorderWatchTrue-Watch-AppTests";
				PRODUCT_NAME = "$(TARGET_NAME)";
				SDKROOT = watchos;
				STRING_CATALOG_GENERATE_SYMBOLS = NO;
				SWIFT_APPROACHABLE_CONCURRENCY = YES;
				SWIFT_EMIT_LOC_STRINGS = NO;
				SWIFT_UPCOMING_FEATURE_MEMBER_IMPORT_VISIBILITY = YES;
				SWIFT_VERSION = 5.0;
				TARGETED_DEVICE_FAMILY = 4;
				TEST_HOST = "$(BUILT_PRODUCTS_DIR)/MuscleBuildingRecorderWatchTrue Watch App.app/$(BUNDLE_EXECUTABLE_FOLDER_PATH)/MuscleBuildingRecorderWatchTrue Watch App";
				WATCHOS_DEPLOYMENT_TARGET = 10.0;
			};
			name = Debug;
		};
		BE2D1B8E2E91F5B200E741F8 /* Release */ = {
			isa = XCBuildConfiguration;
			buildSettings = {
				BUNDLE_LOADER = "$(TEST_HOST)";
				CODE_SIGN_STYLE = Automatic;
				CURRENT_PROJECT_VERSION = 1;
				DEVELOPMENT_TEAM = MFQB3583D6;
				GENERATE_INFOPLIST_FILE = YES;
				MARKETING_VERSION = 1.0;
				PRODUCT_BUNDLE_IDENTIFIER = "yokAppDev.MuscleBuildingRecorderWatchTrue-Watch-AppTests";
				PRODUCT_NAME = "$(TARGET_NAME)";
				SDKROOT = watchos;
				STRING_CATALOG_GENERATE_SYMBOLS = NO;
				SWIFT_APPROACHABLE_CONCURRENCY = YES;
				SWIFT_EMIT_LOC_STRINGS = NO;
				SWIFT_UPCOMING_FEATURE_MEMBER_IMPORT_VISIBILITY = YES;
				SWIFT_VERSION = 5.0;
				TARGETED_DEVICE_FAMILY = 4;
				TEST_HOST = "$(BUILT_PRODUCTS_DIR)/MuscleBuildingRecorderWatchTrue Watch App.app/$(BUNDLE_EXECUTABLE_FOLDER_PATH)/MuscleBuildingRecorderWatchTrue Watch App";
				WATCHOS_DEPLOYMENT_TARGET = 10.0;
			};
			name = Release;
		};
		BE2D1B902E91F5B200E741F8 /* Debug */ = {
			isa = XCBuildConfiguration;
			buildSettings = {
				CODE_SIGN_STYLE = Automatic;
				CURRENT_PROJECT_VERSION = 1;
				DEVELOPMENT_TEAM = MFQB3583D6;
				GENERATE_INFOPLIST_FILE = YES;
				MARKETING_VERSION = 1.0;
				PRODUCT_BUNDLE_IDENTIFIER = "yokAppDev.MuscleBuildingRecorderWatchTrue-Watch-AppUITests";
				PRODUCT_NAME = "$(TARGET_NAME)";
				SDKROOT = watchos;
				STRING_CATALOG_GENERATE_SYMBOLS = NO;
				SWIFT_APPROACHABLE_CONCURRENCY = YES;
				SWIFT_EMIT_LOC_STRINGS = NO;
				SWIFT_UPCOMING_FEATURE_MEMBER_IMPORT_VISIBILITY = YES;
				SWIFT_VERSION = 5.0;
				TARGETED_DEVICE_FAMILY = 4;
				TEST_TARGET_NAME = "MuscleBuildingRecorderWatchTrue Watch App";
				WATCHOS_DEPLOYMENT_TARGET = 10.0;
			};
			name = Debug;
		};
		BE2D1B912E91F5B200E741F8 /* Release */ = {
			isa = XCBuildConfiguration;
			buildSettings = {
				CODE_SIGN_STYLE = Automatic;
				CURRENT_PROJECT_VERSION = 1;
				DEVELOPMENT_TEAM = MFQB3583D6;
				GENERATE_INFOPLIST_FILE = YES;
				MARKETING_VERSION = 1.0;
				PRODUCT_BUNDLE_IDENTIFIER = "yokAppDev.MuscleBuildingRecorderWatchTrue-Watch-AppUITests";
				PRODUCT_NAME = "$(TARGET_NAME)";
				SDKROOT = watchos;
				STRING_CATALOG_GENERATE_SYMBOLS = NO;
				SWIFT_APPROACHABLE_CONCURRENCY = YES;
				SWIFT_EMIT_LOC_STRINGS = NO;
				SWIFT_UPCOMING_FEATURE_MEMBER_IMPORT_VISIBILITY = YES;
				SWIFT_VERSION = 5.0;
				TARGETED_DEVICE_FAMILY = 4;
				TEST_TARGET_NAME = "MuscleBuildingRecorderWatchTrue Watch App";
				WATCHOS_DEPLOYMENT_TARGET = 10.0;
			};
			name = Release;
		};
/* End XCBuildConfiguration section */

/* Begin XCConfigurationList section */
		BE2D19482E8D3F2300E741F8 /* Build configuration list for PBXProject "MuscleBuildingRecorder" */ = {
			isa = XCConfigurationList;
			buildConfigurations = (
				BE2D196C2E8D3F2400E741F8 /* Debug */,
				BE2D196D2E8D3F2400E741F8 /* Release */,
			);
			defaultConfigurationIsVisible = 0;
			defaultConfigurationName = Release;
		};
		BE2D196E2E8D3F2400E741F8 /* Build configuration list for PBXNativeTarget "MuscleBuildingRecorder" */ = {
			isa = XCConfigurationList;
			buildConfigurations = (
				BE2D196F2E8D3F2400E741F8 /* Debug */,
				BE2D19702E8D3F2400E741F8 /* Release */,
			);
			defaultConfigurationIsVisible = 0;
			defaultConfigurationName = Release;
		};
		BE2D19712E8D3F2400E741F8 /* Build configuration list for PBXNativeTarget "MuscleBuildingRecorderTests" */ = {
			isa = XCConfigurationList;
			buildConfigurations = (
				BE2D19722E8D3F2400E741F8 /* Debug */,
				BE2D19732E8D3F2400E741F8 /* Release */,
			);
			defaultConfigurationIsVisible = 0;
			defaultConfigurationName = Release;
		};
		BE2D19742E8D3F2400E741F8 /* Build configuration list for PBXNativeTarget "MuscleBuildingRecorderUITests" */ = {
			isa = XCConfigurationList;
			buildConfigurations = (
				BE2D19752E8D3F2400E741F8 /* Debug */,
				BE2D19762E8D3F2400E741F8 /* Release */,
			);
			defaultConfigurationIsVisible = 0;
			defaultConfigurationName = Release;
		};
		BE2D1B882E91F5B200E741F8 /* Build configuration list for PBXNativeTarget "MuscleBuildingRecorderWatchTrue Watch App" */ = {
			isa = XCConfigurationList;
			buildConfigurations = (
				BE2D1B892E91F5B200E741F8 /* Debug */,
				BE2D1B8A2E91F5B200E741F8 /* Release */,
			);
			defaultConfigurationIsVisible = 0;
			defaultConfigurationName = Release;
		};
		BE2D1B8C2E91F5B200E741F8 /* Build configuration list for PBXNativeTarget "MuscleBuildingRecorderWatchTrue Watch AppTests" */ = {
			isa = XCConfigurationList;
			buildConfigurations = (
				BE2D1B8D2E91F5B200E741F8 /* Debug */,
				BE2D1B8E2E91F5B200E741F8 /* Release */,
			);
			defaultConfigurationIsVisible = 0;
			defaultConfigurationName = Release;
		};
		BE2D1B8F2E91F5B200E741F8 /* Build configuration list for PBXNativeTarget "MuscleBuildingRecorderWatchTrue Watch AppUITests" */ = {
			isa = XCConfigurationList;
			buildConfigurations = (
				BE2D1B902E91F5B200E741F8 /* Debug */,
				BE2D1B912E91F5B200E741F8 /* Release */,
			);
			defaultConfigurationIsVisible = 0;
			defaultConfigurationName = Release;
		};
/* End XCConfigurationList section */

/* Begin XCRemoteSwiftPackageReference section */
		BEE35FB42F02674100A7AA69 /* XCRemoteSwiftPackageReference "swift-package-manager-google-mobile-ads" */ = {
			isa = XCRemoteSwiftPackageReference;
			repositoryURL = "https://github.com/googleads/swift-package-manager-google-mobile-ads";
			requirement = {
				kind = upToNextMajorVersion;
				minimumVersion = 12.14.0;
			};
		};
/* End XCRemoteSwiftPackageReference section */

/* Begin XCSwiftPackageProductDependency section */
		BEE35FB52F02674100A7AA69 /* GoogleMobileAds */ = {
			isa = XCSwiftPackageProductDependency;
			package = BEE35FB42F02674100A7AA69 /* XCRemoteSwiftPackageReference "swift-package-manager-google-mobile-ads" */;
			productName = GoogleMobileAds;
		};
/* End XCSwiftPackageProductDependency section */
	};
	rootObject = BE2D19452E8D3F2300E741F8 /* Project object */;
}
